
Microsoft Visual Studio Solution File, Format Version 12.00
# Visual Studio Version 17
VisualStudioVersion = 17.2.32519.379
MinimumVisualStudioVersion = 10.0.40219.1
Project("{FAE04EC0-301F-11D3-BF4B-00C04F79EFBC}") = "BigOhExamples", "BigOhExamples\BigOhExamples.csproj", "{71AB8E79-7761-4BF3-A21F-5FA8FCA13C6D}"
EndProject
Global
	GlobalSection(SolutionConfigurationPlatforms) = preSolution
		Debug|Any CPU = Debug|Any CPU
		Release|Any CPU = Release|Any CPU
	EndGlobalSection
	GlobalSection(ProjectConfigurationPlatforms) = postSolution
		{71AB8E79-7761-4BF3-A21F-5FA8FCA13C6D}.Debug|Any CPU.ActiveCfg = Debug|Any CPU
		{71AB8E79-7761-4BF3-A21F-5FA8FCA13C6D}.Debug|Any CPU.Build.0 = Debug|Any CPU
		{71AB8E79-7761-4BF3-A21F-5FA8FCA13C6D}.Release|Any CPU.ActiveCfg = Release|Any CPU
		{71AB8E79-7761-4BF3-A21F-5FA8FCA13C6D}.Release|Any CPU.Build.0 = Release|Any CPU
	EndGlobalSection
	GlobalSection(SolutionProperties) = preSolution
		HideSolutionNode = FALSE
	EndGlobalSection
	GlobalSection(ExtensibilityGlobals) = postSolution
		SolutionGuid = {0037C5D8-DF37-4671-8681-73EC0DDFD768}
	EndGlobalSection
EndGlobal
