
Microsoft Visual Studio Solution File, Format Version 12.00
# Visual Studio Version 17
VisualStudioVersion = 17.2.32519.379
MinimumVisualStudioVersion = 10.0.40219.1
Project("{FAE04EC0-301F-11D3-BF4B-00C04F79EFBC}") = "BinaryTree", "BinaryTree\BinaryTree.csproj", "{4021F35E-88C0-418E-9DA1-91A3BB62B533}"
EndProject
Global
	GlobalSection(SolutionConfigurationPlatforms) = preSolution
		Debug|Any CPU = Debug|Any CPU
		Release|Any CPU = Release|Any CPU
	EndGlobalSection
	GlobalSection(ProjectConfigurationPlatforms) = postSolution
		{4021F35E-88C0-418E-9DA1-91A3BB62B533}.Debug|Any CPU.ActiveCfg = Debug|Any CPU
		{4021F35E-88C0-418E-9DA1-91A3BB62B533}.Debug|Any CPU.Build.0 = Debug|Any CPU
		{4021F35E-88C0-418E-9DA1-91A3BB62B533}.Release|Any CPU.ActiveCfg = Release|Any CPU
		{4021F35E-88C0-418E-9DA1-91A3BB62B533}.Release|Any CPU.Build.0 = Release|Any CPU
	EndGlobalSection
	GlobalSection(SolutionProperties) = preSolution
		HideSolutionNode = FALSE
	EndGlobalSection
	GlobalSection(ExtensibilityGlobals) = postSolution
		SolutionGuid = {990BF80A-FB9A-4646-95DE-326B6D60DC9C}
	EndGlobalSection
EndGlobal
